
Microsoft Visual Studio Solution File, Format Version 12.00
Project("{FAE04EC0-301F-11D3-BF4B-00C04F79EFBC}") = "DotNetDroneApi", "DotNetDroneApi\DotNetDroneApi.csproj", "{32A1EDC7-00C9-4B06-972E-9ACF16BB962E}"
EndProject
Global
	GlobalSection(SolutionConfigurationPlatforms) = preSolution
		Debug|Any CPU = Debug|Any CPU
		Release|Any CPU = Release|Any CPU
	EndGlobalSection
	GlobalSection(ProjectConfigurationPlatforms) = postSolution
		{32A1EDC7-00C9-4B06-972E-9ACF16BB962E}.Debug|Any CPU.ActiveCfg = Debug|Any CPU
		{32A1EDC7-00C9-4B06-972E-9ACF16BB962E}.Debug|Any CPU.Build.0 = Debug|Any CPU
		{32A1EDC7-00C9-4B06-972E-9ACF16BB962E}.Release|Any CPU.ActiveCfg = Release|Any CPU
		{32A1EDC7-00C9-4B06-972E-9ACF16BB962E}.Release|Any CPU.Build.0 = Release|Any CPU
	EndGlobalSection
EndGlobal
